
Microsoft Visual Studio Solution File, Format Version 12.00
# Visual Studio Version 16
VisualStudioVersion = 16.0.30320.27
MinimumVisualStudioVersion = 10.0.40219.1
Project("{9A19103F-16F7-4668-BE54-9A1E7A4F7556}") = "InternalSupport", "Internal Support\InternalSupport.csproj", "{23E662B9-34CF-48E7-ACCA-2EFFAE8EAC56}"
EndProject
Global
	GlobalSection(SolutionConfigurationPlatforms) = preSolution
		Debug|Any CPU = Debug|Any CPU
		Release|Any CPU = Release|Any CPU
	EndGlobalSection
	GlobalSection(ProjectConfigurationPlatforms) = postSolution
		{23E662B9-34CF-48E7-ACCA-2EFFAE8EAC56}.Debug|Any CPU.ActiveCfg = Debug|Any CPU
		{23E662B9-34CF-48E7-ACCA-2EFFAE8EAC56}.Debug|Any CPU.Build.0 = Debug|Any CPU
		{23E662B9-34CF-48E7-ACCA-2EFFAE8EAC56}.Release|Any CPU.ActiveCfg = Release|Any CPU
		{23E662B9-34CF-48E7-ACCA-2EFFAE8EAC56}.Release|Any CPU.Build.0 = Release|Any CPU
	EndGlobalSection
	GlobalSection(SolutionProperties) = preSolution
		HideSolutionNode = FALSE
	EndGlobalSection
	GlobalSection(ExtensibilityGlobals) = postSolution
		SolutionGuid = {9B4A17F0-C801-4047-A204-1B5B6D40BB39}
	EndGlobalSection
EndGlobal
